
Microsoft Visual Studio Solution File, Format Version 12.00
# Visual Studio 15
VisualStudioVersion = 15.0.27428.2043
MinimumVisualStudioVersion = 10.0.40219.1
Project("{FAE04EC0-301F-11D3-BF4B-00C04F79EFBC}") = "CarruselUDEO.Android", "CarruselUDEO\CarruselUDEO.Android\CarruselUDEO.Android.csproj", "{926DF3E8-A1AA-4D7E-BE78-F1B28029CB64}"
EndProject
Project("{FAE04EC0-301F-11D3-BF4B-00C04F79EFBC}") = "CarruselUDEO.iOS", "CarruselUDEO\CarruselUDEO.iOS\CarruselUDEO.iOS.csproj", "{7BDBF6A2-CF25-4F5B-B0E8-049F84530A58}"
EndProject
Project("{FAE04EC0-301F-11D3-BF4B-00C04F79EFBC}") = "CarruselUDEO.UWP", "CarruselUDEO\CarruselUDEO.UWP\CarruselUDEO.UWP.csproj", "{E17656CE-EA99-44FB-B80D-B3D3F5DF897F}"
EndProject
Project("{FAE04EC0-301F-11D3-BF4B-00C04F79EFBC}") = "CarruselUDEO", "CarruselUDEO\CarruselUDEO\CarruselUDEO.csproj", "{9EB7D52A-AF3E-488F-AF97-5413D06BB8E1}"
EndProject
Global
	GlobalSection(SolutionConfigurationPlatforms) = preSolution
		Ad-Hoc|Any CPU = Ad-Hoc|Any CPU
		Ad-Hoc|ARM = Ad-Hoc|ARM
		Ad-Hoc|iPhone = Ad-Hoc|iPhone
		Ad-Hoc|iPhoneSimulator = Ad-Hoc|iPhoneSimulator
		Ad-Hoc|x64 = Ad-Hoc|x64
		Ad-Hoc|x86 = Ad-Hoc|x86
		AppStore|Any CPU = AppStore|Any CPU
		AppStore|ARM = AppStore|ARM
		AppStore|iPhone = AppStore|iPhone
		AppStore|iPhoneSimulator = AppStore|iPhoneSimulator
		AppStore|x64 = AppStore|x64
		AppStore|x86 = AppStore|x86
		Debug|Any CPU = Debug|Any CPU
		Debug|ARM = Debug|ARM
		Debug|iPhone = Debug|iPhone
		Debug|iPhoneSimulator = Debug|iPhoneSimulator
		Debug|x64 = Debug|x64
		Debug|x86 = Debug|x86
		Release|Any CPU = Release|Any CPU
		Release|ARM = Release|ARM
		Release|iPhone = Release|iPhone
		Release|iPhoneSimulator = Release|iPhoneSimulator
		Release|x64 = Release|x64
		Release|x86 = Release|x86
	EndGlobalSection
	GlobalSection(ProjectConfigurationPlatforms) = postSolution
		{926DF3E8-A1AA-4D7E-BE78-F1B28029CB64}.Ad-Hoc|Any CPU.ActiveCfg = Release|Any CPU
		{926DF3E8-A1AA-4D7E-BE78-F1B28029CB64}.Ad-Hoc|Any CPU.Build.0 = Release|Any CPU
		{926DF3E8-A1AA-4D7E-BE78-F1B28029CB64}.Ad-Hoc|Any CPU.Deploy.0 = Release|Any CPU
		{926DF3E8-A1AA-4D7E-BE78-F1B28029CB64}.Ad-Hoc|ARM.ActiveCfg = Release|Any CPU
		{926DF3E8-A1AA-4D7E-BE78-F1B28029CB64}.Ad-Hoc|ARM.Build.0 = Release|Any CPU
		{926DF3E8-A1AA-4D7E-BE78-F1B28029CB64}.Ad-Hoc|ARM.Deploy.0 = Release|Any CPU
		{926DF3E8-A1AA-4D7E-BE78-F1B28029CB64}.Ad-Hoc|iPhone.ActiveCfg = Release|Any CPU
		{926DF3E8-A1AA-4D7E-BE78-F1B28029CB64}.Ad-Hoc|iPhone.Build.0 = Release|Any CPU
		{926DF3E8-A1AA-4D7E-BE78-F1B28029CB64}.Ad-Hoc|iPhone.Deploy.0 = Release|Any CPU
		{926DF3E8-A1AA-4D7E-BE78-F1B28029CB64}.Ad-Hoc|iPhoneSimulator.ActiveCfg = Release|Any CPU
		{926DF3E8-A1AA-4D7E-BE78-F1B28029CB64}.Ad-Hoc|iPhoneSimulator.Build.0 = Release|Any CPU
		{926DF3E8-A1AA-4D7E-BE78-F1B28029CB64}.Ad-Hoc|iPhoneSimulator.Deploy.0 = Release|Any CPU
		{926DF3E8-A1AA-4D7E-BE78-F1B28029CB64}.Ad-Hoc|x64.ActiveCfg = Release|Any CPU
		{926DF3E8-A1AA-4D7E-BE78-F1B28029CB64}.Ad-Hoc|x64.Build.0 = Release|Any CPU
		{926DF3E8-A1AA-4D7E-BE78-F1B28029CB64}.Ad-Hoc|x64.Deploy.0 = Release|Any CPU
		{926DF3E8-A1AA-4D7E-BE78-F1B28029CB64}.Ad-Hoc|x86.ActiveCfg = Release|Any CPU
		{926DF3E8-A1AA-4D7E-BE78-F1B28029CB64}.Ad-Hoc|x86.Build.0 = Release|Any CPU
		{926DF3E8-A1AA-4D7E-BE78-F1B28029CB64}.Ad-Hoc|x86.Deploy.0 = Release|Any CPU
		{926DF3E8-A1AA-4D7E-BE78-F1B28029CB64}.AppStore|Any CPU.ActiveCfg = Release|Any CPU
		{926DF3E8-A1AA-4D7E-BE78-F1B28029CB64}.AppStore|Any CPU.Build.0 = Release|Any CPU
		{926DF3E8-A1AA-4D7E-BE78-F1B28029CB64}.AppStore|Any CPU.Deploy.0 = Release|Any CPU
		{926DF3E8-A1AA-4D7E-BE78-F1B28029CB64}.AppStore|ARM.ActiveCfg = Release|Any CPU
		{926DF3E8-A1AA-4D7E-BE78-F1B28029CB64}.AppStore|ARM.Build.0 = Release|Any CPU
		{926DF3E8-A1AA-4D7E-BE78-F1B28029CB64}.AppStore|ARM.Deploy.0 = Release|Any CPU
		{926DF3E8-A1AA-4D7E-BE78-F1B28029CB64}.AppStore|iPhone.ActiveCfg = Release|Any CPU
		{926DF3E8-A1AA-4D7E-BE78-F1B28029CB64}.AppStore|iPhone.Build.0 = Release|Any CPU
		{926DF3E8-A1AA-4D7E-BE78-F1B28029CB64}.AppStore|iPhone.Deploy.0 = Release|Any CPU
		{926DF3E8-A1AA-4D7E-BE78-F1B28029CB64}.AppStore|iPhoneSimulator.ActiveCfg = Release|Any CPU
		{926DF3E8-A1AA-4D7E-BE78-F1B28029CB64}.AppStore|iPhoneSimulator.Build.0 = Release|Any CPU
		{926DF3E8-A1AA-4D7E-BE78-F1B28029CB64}.AppStore|iPhoneSimulator.Deploy.0 = Release|Any CPU
		{926DF3E8-A1AA-4D7E-BE78-F1B28029CB64}.AppStore|x64.ActiveCfg = Release|Any CPU
		{926DF3E8-A1AA-4D7E-BE78-F1B28029CB64}.AppStore|x64.Build.0 = Release|Any CPU
		{926DF3E8-A1AA-4D7E-BE78-F1B28029CB64}.AppStore|x64.Deploy.0 = Release|Any CPU
		{926DF3E8-A1AA-4D7E-BE78-F1B28029CB64}.AppStore|x86.ActiveCfg = Release|Any CPU
		{926DF3E8-A1AA-4D7E-BE78-F1B28029CB64}.AppStore|x86.Build.0 = Release|Any CPU
		{926DF3E8-A1AA-4D7E-BE78-F1B28029CB64}.AppStore|x86.Deploy.0 = Release|Any CPU
		{926DF3E8-A1AA-4D7E-BE78-F1B28029CB64}.Debug|Any CPU.ActiveCfg = Debug|Any CPU
		{926DF3E8-A1AA-4D7E-BE78-F1B28029CB64}.Debug|Any CPU.Build.0 = Debug|Any CPU
		{926DF3E8-A1AA-4D7E-BE78-F1B28029CB64}.Debug|Any CPU.Deploy.0 = Debug|Any CPU
		{926DF3E8-A1AA-4D7E-BE78-F1B28029CB64}.Debug|ARM.ActiveCfg = Debug|Any CPU
		{926DF3E8-A1AA-4D7E-BE78-F1B28029CB64}.Debug|ARM.Build.0 = Debug|Any CPU
		{926DF3E8-A1AA-4D7E-BE78-F1B28029CB64}.Debug|ARM.Deploy.0 = Debug|Any CPU
		{926DF3E8-A1AA-4D7E-BE78-F1B28029CB64}.Debug|iPhone.ActiveCfg = Debug|Any CPU
		{926DF3E8-A1AA-4D7E-BE78-F1B28029CB64}.Debug|iPhone.Build.0 = Debug|Any CPU
		{926DF3E8-A1AA-4D7E-BE78-F1B28029CB64}.Debug|iPhone.Deploy.0 = Debug|Any CPU
		{926DF3E8-A1AA-4D7E-BE78-F1B28029CB64}.Debug|iPhoneSimulator.ActiveCfg = Debug|Any CPU
		{926DF3E8-A1AA-4D7E-BE78-F1B28029CB64}.Debug|iPhoneSimulator.Build.0 = Debug|Any CPU
		{926DF3E8-A1AA-4D7E-BE78-F1B28029CB64}.Debug|iPhoneSimulator.Deploy.0 = Debug|Any CPU
		{926DF3E8-A1AA-4D7E-BE78-F1B28029CB64}.Debug|x64.ActiveCfg = Debug|Any CPU
		{926DF3E8-A1AA-4D7E-BE78-F1B28029CB64}.Debug|x64.Build.0 = Debug|Any CPU
		{926DF3E8-A1AA-4D7E-BE78-F1B28029CB64}.Debug|x64.Deploy.0 = Debug|Any CPU
		{926DF3E8-A1AA-4D7E-BE78-F1B28029CB64}.Debug|x86.ActiveCfg = Debug|Any CPU
		{926DF3E8-A1AA-4D7E-BE78-F1B28029CB64}.Debug|x86.Build.0 = Debug|Any CPU
		{926DF3E8-A1AA-4D7E-BE78-F1B28029CB64}.Debug|x86.Deploy.0 = Debug|Any CPU
		{926DF3E8-A1AA-4D7E-BE78-F1B28029CB64}.Release|Any CPU.ActiveCfg = Release|Any CPU
		{926DF3E8-A1AA-4D7E-BE78-F1B28029CB64}.Release|Any CPU.Build.0 = Release|Any CPU
		{926DF3E8-A1AA-4D7E-BE78-F1B28029CB64}.Release|Any CPU.Deploy.0 = Release|Any CPU
		{926DF3E8-A1AA-4D7E-BE78-F1B28029CB64}.Release|ARM.ActiveCfg = Release|Any CPU
		{926DF3E8-A1AA-4D7E-BE78-F1B28029CB64}.Release|ARM.Build.0 = Release|Any CPU
		{926DF3E8-A1AA-4D7E-BE78-F1B28029CB64}.Release|ARM.Deploy.0 = Release|Any CPU
		{926DF3E8-A1AA-4D7E-BE78-F1B28029CB64}.Release|iPhone.ActiveCfg = Release|Any CPU
		{926DF3E8-A1AA-4D7E-BE78-F1B28029CB64}.Release|iPhone.Build.0 = Release|Any CPU
		{926DF3E8-A1AA-4D7E-BE78-F1B28029CB64}.Release|iPhone.Deploy.0 = Release|Any CPU
		{926DF3E8-A1AA-4D7E-BE78-F1B28029CB64}.Release|iPhoneSimulator.ActiveCfg = Release|Any CPU
		{926DF3E8-A1AA-4D7E-BE78-F1B28029CB64}.Release|iPhoneSimulator.Build.0 = Release|Any CPU
		{926DF3E8-A1AA-4D7E-BE78-F1B28029CB64}.Release|iPhoneSimulator.Deploy.0 = Release|Any CPU
		{926DF3E8-A1AA-4D7E-BE78-F1B28029CB64}.Release|x64.ActiveCfg = Release|Any CPU
		{926DF3E8-A1AA-4D7E-BE78-F1B28029CB64}.Release|x64.Build.0 = Release|Any CPU
		{926DF3E8-A1AA-4D7E-BE78-F1B28029CB64}.Release|x64.Deploy.0 = Release|Any CPU
		{926DF3E8-A1AA-4D7E-BE78-F1B28029CB64}.Release|x86.ActiveCfg = Release|Any CPU
		{926DF3E8-A1AA-4D7E-BE78-F1B28029CB64}.Release|x86.Build.0 = Release|Any CPU
		{926DF3E8-A1AA-4D7E-BE78-F1B28029CB64}.Release|x86.Deploy.0 = Release|Any CPU
		{7BDBF6A2-CF25-4F5B-B0E8-049F84530A58}.Ad-Hoc|Any CPU.ActiveCfg = Ad-Hoc|iPhone
		{7BDBF6A2-CF25-4F5B-B0E8-049F84530A58}.Ad-Hoc|ARM.ActiveCfg = Ad-Hoc|iPhone
		{7BDBF6A2-CF25-4F5B-B0E8-049F84530A58}.Ad-Hoc|iPhone.ActiveCfg = Ad-Hoc|iPhone
		{7BDBF6A2-CF25-4F5B-B0E8-049F84530A58}.Ad-Hoc|iPhone.Build.0 = Ad-Hoc|iPhone
		{7BDBF6A2-CF25-4F5B-B0E8-049F84530A58}.Ad-Hoc|iPhoneSimulator.ActiveCfg = Ad-Hoc|iPhoneSimulator
		{7BDBF6A2-CF25-4F5B-B0E8-049F84530A58}.Ad-Hoc|iPhoneSimulator.Build.0 = Ad-Hoc|iPhoneSimulator
		{7BDBF6A2-CF25-4F5B-B0E8-049F84530A58}.Ad-Hoc|x64.ActiveCfg = Ad-Hoc|iPhone
		{7BDBF6A2-CF25-4F5B-B0E8-049F84530A58}.Ad-Hoc|x86.ActiveCfg = Ad-Hoc|iPhone
		{7BDBF6A2-CF25-4F5B-B0E8-049F84530A58}.AppStore|Any CPU.ActiveCfg = AppStore|iPhone
		{7BDBF6A2-CF25-4F5B-B0E8-049F84530A58}.AppStore|ARM.ActiveCfg = AppStore|iPhone
		{7BDBF6A2-CF25-4F5B-B0E8-049F84530A58}.AppStore|iPhone.ActiveCfg = AppStore|iPhone
		{7BDBF6A2-CF25-4F5B-B0E8-049F84530A58}.AppStore|iPhone.Build.0 = AppStore|iPhone
		{7BDBF6A2-CF25-4F5B-B0E8-049F84530A58}.AppStore|iPhoneSimulator.ActiveCfg = AppStore|iPhoneSimulator
		{7BDBF6A2-CF25-4F5B-B0E8-049F84530A58}.AppStore|iPhoneSimulator.Build.0 = AppStore|iPhoneSimulator
		{7BDBF6A2-CF25-4F5B-B0E8-049F84530A58}.AppStore|x64.ActiveCfg = AppStore|iPhone
		{7BDBF6A2-CF25-4F5B-B0E8-049F84530A58}.AppStore|x86.ActiveCfg = AppStore|iPhone
		{7BDBF6A2-CF25-4F5B-B0E8-049F84530A58}.Debug|Any CPU.ActiveCfg = Debug|iPhone
		{7BDBF6A2-CF25-4F5B-B0E8-049F84530A58}.Debug|ARM.ActiveCfg = Debug|iPhone
		{7BDBF6A2-CF25-4F5B-B0E8-049F84530A58}.Debug|iPhone.ActiveCfg = Debug|iPhone
		{7BDBF6A2-CF25-4F5B-B0E8-049F84530A58}.Debug|iPhone.Build.0 = Debug|iPhone
		{7BDBF6A2-CF25-4F5B-B0E8-049F84530A58}.Debug|iPhoneSimulator.ActiveCfg = Debug|iPhoneSimulator
		{7BDBF6A2-CF25-4F5B-B0E8-049F84530A58}.Debug|iPhoneSimulator.Build.0 = Debug|iPhoneSimulator
		{7BDBF6A2-CF25-4F5B-B0E8-049F84530A58}.Debug|x64.ActiveCfg = Debug|iPhone
		{7BDBF6A2-CF25-4F5B-B0E8-049F84530A58}.Debug|x86.ActiveCfg = Debug|iPhone
		{7BDBF6A2-CF25-4F5B-B0E8-049F84530A58}.Release|Any CPU.ActiveCfg = Release|iPhone
		{7BDBF6A2-CF25-4F5B-B0E8-049F84530A58}.Release|ARM.ActiveCfg = Release|iPhone
		{7BDBF6A2-CF25-4F5B-B0E8-049F84530A58}.Release|iPhone.ActiveCfg = Release|iPhone
		{7BDBF6A2-CF25-4F5B-B0E8-049F84530A58}.Release|iPhone.Build.0 = Release|iPhone
		{7BDBF6A2-CF25-4F5B-B0E8-049F84530A58}.Release|iPhoneSimulator.ActiveCfg = Release|iPhoneSimulator
		{7BDBF6A2-CF25-4F5B-B0E8-049F84530A58}.Release|iPhoneSimulator.Build.0 = Release|iPhoneSimulator
		{7BDBF6A2-CF25-4F5B-B0E8-049F84530A58}.Release|x64.ActiveCfg = Release|iPhone
		{7BDBF6A2-CF25-4F5B-B0E8-049F84530A58}.Release|x86.ActiveCfg = Release|iPhone
		{E17656CE-EA99-44FB-B80D-B3D3F5DF897F}.Ad-Hoc|Any CPU.ActiveCfg = Release|x86
		{E17656CE-EA99-44FB-B80D-B3D3F5DF897F}.Ad-Hoc|Any CPU.Build.0 = Release|x86
		{E17656CE-EA99-44FB-B80D-B3D3F5DF897F}.Ad-Hoc|Any CPU.Deploy.0 = Release|x86
		{E17656CE-EA99-44FB-B80D-B3D3F5DF897F}.Ad-Hoc|ARM.ActiveCfg = Release|ARM
		{E17656CE-EA99-44FB-B80D-B3D3F5DF897F}.Ad-Hoc|ARM.Build.0 = Release|ARM
		{E17656CE-EA99-44FB-B80D-B3D3F5DF897F}.Ad-Hoc|ARM.Deploy.0 = Release|ARM
		{E17656CE-EA99-44FB-B80D-B3D3F5DF897F}.Ad-Hoc|iPhone.ActiveCfg = Release|x86
		{E17656CE-EA99-44FB-B80D-B3D3F5DF897F}.Ad-Hoc|iPhone.Build.0 = Release|x86
		{E17656CE-EA99-44FB-B80D-B3D3F5DF897F}.Ad-Hoc|iPhone.Deploy.0 = Release|x86
		{E17656CE-EA99-44FB-B80D-B3D3F5DF897F}.Ad-Hoc|iPhoneSimulator.ActiveCfg = Release|x86
		{E17656CE-EA99-44FB-B80D-B3D3F5DF897F}.Ad-Hoc|iPhoneSimulator.Build.0 = Release|x86
		{E17656CE-EA99-44FB-B80D-B3D3F5DF897F}.Ad-Hoc|iPhoneSimulator.Deploy.0 = Release|x86
		{E17656CE-EA99-44FB-B80D-B3D3F5DF897F}.Ad-Hoc|x64.ActiveCfg = Release|x64
		{E17656CE-EA99-44FB-B80D-B3D3F5DF897F}.Ad-Hoc|x64.Build.0 = Release|x64
		{E17656CE-EA99-44FB-B80D-B3D3F5DF897F}.Ad-Hoc|x64.Deploy.0 = Release|x64
		{E17656CE-EA99-44FB-B80D-B3D3F5DF897F}.Ad-Hoc|x86.ActiveCfg = Release|x86
		{E17656CE-EA99-44FB-B80D-B3D3F5DF897F}.Ad-Hoc|x86.Build.0 = Release|x86
		{E17656CE-EA99-44FB-B80D-B3D3F5DF897F}.Ad-Hoc|x86.Deploy.0 = Release|x86
		{E17656CE-EA99-44FB-B80D-B3D3F5DF897F}.AppStore|Any CPU.ActiveCfg = Release|x86
		{E17656CE-EA99-44FB-B80D-B3D3F5DF897F}.AppStore|Any CPU.Build.0 = Release|x86
		{E17656CE-EA99-44FB-B80D-B3D3F5DF897F}.AppStore|Any CPU.Deploy.0 = Release|x86
		{E17656CE-EA99-44FB-B80D-B3D3F5DF897F}.AppStore|ARM.ActiveCfg = Release|ARM
		{E17656CE-EA99-44FB-B80D-B3D3F5DF897F}.AppStore|ARM.Build.0 = Release|ARM
		{E17656CE-EA99-44FB-B80D-B3D3F5DF897F}.AppStore|ARM.Deploy.0 = Release|ARM
		{E17656CE-EA99-44FB-B80D-B3D3F5DF897F}.AppStore|iPhone.ActiveCfg = Release|x86
		{E17656CE-EA99-44FB-B80D-B3D3F5DF897F}.AppStore|iPhone.Build.0 = Release|x86
		{E17656CE-EA99-44FB-B80D-B3D3F5DF897F}.AppStore|iPhone.Deploy.0 = Release|x86
		{E17656CE-EA99-44FB-B80D-B3D3F5DF897F}.AppStore|iPhoneSimulator.ActiveCfg = Release|x86
		{E17656CE-EA99-44FB-B80D-B3D3F5DF897F}.AppStore|iPhoneSimulator.Build.0 = Release|x86
		{E17656CE-EA99-44FB-B80D-B3D3F5DF897F}.AppStore|iPhoneSimulator.Deploy.0 = Release|x86
		{E17656CE-EA99-44FB-B80D-B3D3F5DF897F}.AppStore|x64.ActiveCfg = Release|x64
		{E17656CE-EA99-44FB-B80D-B3D3F5DF897F}.AppStore|x64.Build.0 = Release|x64
		{E17656CE-EA99-44FB-B80D-B3D3F5DF897F}.AppStore|x64.Deploy.0 = Release|x64
		{E17656CE-EA99-44FB-B80D-B3D3F5DF897F}.AppStore|x86.ActiveCfg = Release|x86
		{E17656CE-EA99-44FB-B80D-B3D3F5DF897F}.AppStore|x86.Build.0 = Release|x86
		{E17656CE-EA99-44FB-B80D-B3D3F5DF897F}.AppStore|x86.Deploy.0 = Release|x86
		{E17656CE-EA99-44FB-B80D-B3D3F5DF897F}.Debug|Any CPU.ActiveCfg = Debug|x86
		{E17656CE-EA99-44FB-B80D-B3D3F5DF897F}.Debug|ARM.ActiveCfg = Debug|ARM
		{E17656CE-EA99-44FB-B80D-B3D3F5DF897F}.Debug|ARM.Build.0 = Debug|ARM
		{E17656CE-EA99-44FB-B80D-B3D3F5DF897F}.Debug|ARM.Deploy.0 = Debug|ARM
		{E17656CE-EA99-44FB-B80D-B3D3F5DF897F}.Debug|iPhone.ActiveCfg = Debug|x86
		{E17656CE-EA99-44FB-B80D-B3D3F5DF897F}.Debug|iPhoneSimulator.ActiveCfg = Debug|x86
		{E17656CE-EA99-44FB-B80D-B3D3F5DF897F}.Debug|x64.ActiveCfg = Debug|x64
		{E17656CE-EA99-44FB-B80D-B3D3F5DF897F}.Debug|x64.Build.0 = Debug|x64
		{E17656CE-EA99-44FB-B80D-B3D3F5DF897F}.Debug|x64.Deploy.0 = Debug|x64
		{E17656CE-EA99-44FB-B80D-B3D3F5DF897F}.Debug|x86.ActiveCfg = Debug|x86
		{E17656CE-EA99-44FB-B80D-B3D3F5DF897F}.Debug|x86.Build.0 = Debug|x86
		{E17656CE-EA99-44FB-B80D-B3D3F5DF897F}.Debug|x86.Deploy.0 = Debug|x86
		{E17656CE-EA99-44FB-B80D-B3D3F5DF897F}.Release|Any CPU.ActiveCfg = Release|x86
		{E17656CE-EA99-44FB-B80D-B3D3F5DF897F}.Release|ARM.ActiveCfg = Release|ARM
		{E17656CE-EA99-44FB-B80D-B3D3F5DF897F}.Release|ARM.Build.0 = Release|ARM
		{E17656CE-EA99-44FB-B80D-B3D3F5DF897F}.Release|ARM.Deploy.0 = Release|ARM
		{E17656CE-EA99-44FB-B80D-B3D3F5DF897F}.Release|iPhone.ActiveCfg = Release|x86
		{E17656CE-EA99-44FB-B80D-B3D3F5DF897F}.Release|iPhoneSimulator.ActiveCfg = Release|x86
		{E17656CE-EA99-44FB-B80D-B3D3F5DF897F}.Release|x64.ActiveCfg = Release|x64
		{E17656CE-EA99-44FB-B80D-B3D3F5DF897F}.Release|x64.Build.0 = Release|x64
		{E17656CE-EA99-44FB-B80D-B3D3F5DF897F}.Release|x64.Deploy.0 = Release|x64
		{E17656CE-EA99-44FB-B80D-B3D3F5DF897F}.Release|x86.ActiveCfg = Release|x86
		{E17656CE-EA99-44FB-B80D-B3D3F5DF897F}.Release|x86.Build.0 = Release|x86
		{E17656CE-EA99-44FB-B80D-B3D3F5DF897F}.Release|x86.Deploy.0 = Release|x86
		{9EB7D52A-AF3E-488F-AF97-5413D06BB8E1}.Ad-Hoc|Any CPU.ActiveCfg = Debug|Any CPU
		{9EB7D52A-AF3E-488F-AF97-5413D06BB8E1}.Ad-Hoc|Any CPU.Build.0 = Debug|Any CPU
		{9EB7D52A-AF3E-488F-AF97-5413D06BB8E1}.Ad-Hoc|ARM.ActiveCfg = Debug|Any CPU
		{9EB7D52A-AF3E-488F-AF97-5413D06BB8E1}.Ad-Hoc|ARM.Build.0 = Debug|Any CPU
		{9EB7D52A-AF3E-488F-AF97-5413D06BB8E1}.Ad-Hoc|iPhone.ActiveCfg = Debug|Any CPU
		{9EB7D52A-AF3E-488F-AF97-5413D06BB8E1}.Ad-Hoc|iPhone.Build.0 = Debug|Any CPU
		{9EB7D52A-AF3E-488F-AF97-5413D06BB8E1}.Ad-Hoc|iPhoneSimulator.ActiveCfg = Debug|Any CPU
		{9EB7D52A-AF3E-488F-AF97-5413D06BB8E1}.Ad-Hoc|iPhoneSimulator.Build.0 = Debug|Any CPU
		{9EB7D52A-AF3E-488F-AF97-5413D06BB8E1}.Ad-Hoc|x64.ActiveCfg = Debug|Any CPU
		{9EB7D52A-AF3E-488F-AF97-5413D06BB8E1}.Ad-Hoc|x64.Build.0 = Debug|Any CPU
		{9EB7D52A-AF3E-488F-AF97-5413D06BB8E1}.Ad-Hoc|x86.ActiveCfg = Debug|Any CPU
		{9EB7D52A-AF3E-488F-AF97-5413D06BB8E1}.Ad-Hoc|x86.Build.0 = Debug|Any CPU
		{9EB7D52A-AF3E-488F-AF97-5413D06BB8E1}.AppStore|Any CPU.ActiveCfg = Debug|Any CPU
		{9EB7D52A-AF3E-488F-AF97-5413D06BB8E1}.AppStore|Any CPU.Build.0 = Debug|Any CPU
		{9EB7D52A-AF3E-488F-AF97-5413D06BB8E1}.AppStore|ARM.ActiveCfg = Debug|Any CPU
		{9EB7D52A-AF3E-488F-AF97-5413D06BB8E1}.AppStore|ARM.Build.0 = Debug|Any CPU
		{9EB7D52A-AF3E-488F-AF97-5413D06BB8E1}.AppStore|iPhone.ActiveCfg = Debug|Any CPU
		{9EB7D52A-AF3E-488F-AF97-5413D06BB8E1}.AppStore|iPhone.Build.0 = Debug|Any CPU
		{9EB7D52A-AF3E-488F-AF97-5413D06BB8E1}.AppStore|iPhoneSimulator.ActiveCfg = Debug|Any CPU
		{9EB7D52A-AF3E-488F-AF97-5413D06BB8E1}.AppStore|iPhoneSimulator.Build.0 = Debug|Any CPU
		{9EB7D52A-AF3E-488F-AF97-5413D06BB8E1}.AppStore|x64.ActiveCfg = Debug|Any CPU
		{9EB7D52A-AF3E-488F-AF97-5413D06BB8E1}.AppStore|x64.Build.0 = Debug|Any CPU
		{9EB7D52A-AF3E-488F-AF97-5413D06BB8E1}.AppStore|x86.ActiveCfg = Debug|Any CPU
		{9EB7D52A-AF3E-488F-AF97-5413D06BB8E1}.AppStore|x86.Build.0 = Debug|Any CPU
		{9EB7D52A-AF3E-488F-AF97-5413D06BB8E1}.Debug|Any CPU.ActiveCfg = Debug|Any CPU
		{9EB7D52A-AF3E-488F-AF97-5413D06BB8E1}.Debug|Any CPU.Build.0 = Debug|Any CPU
		{9EB7D52A-AF3E-488F-AF97-5413D06BB8E1}.Debug|ARM.ActiveCfg = Debug|Any CPU
		{9EB7D52A-AF3E-488F-AF97-5413D06BB8E1}.Debug|ARM.Build.0 = Debug|Any CPU
		{9EB7D52A-AF3E-488F-AF97-5413D06BB8E1}.Debug|iPhone.ActiveCfg = Debug|Any CPU
		{9EB7D52A-AF3E-488F-AF97-5413D06BB8E1}.Debug|iPhone.Build.0 = Debug|Any CPU
		{9EB7D52A-AF3E-488F-AF97-5413D06BB8E1}.Debug|iPhoneSimulator.ActiveCfg = Debug|Any CPU
		{9EB7D52A-AF3E-488F-AF97-5413D06BB8E1}.Debug|iPhoneSimulator.Build.0 = Debug|Any CPU
		{9EB7D52A-AF3E-488F-AF97-5413D06BB8E1}.Debug|x64.ActiveCfg = Debug|Any CPU
		{9EB7D52A-AF3E-488F-AF97-5413D06BB8E1}.Debug|x64.Build.0 = Debug|Any CPU
		{9EB7D52A-AF3E-488F-AF97-5413D06BB8E1}.Debug|x86.ActiveCfg = Debug|Any CPU
		{9EB7D52A-AF3E-488F-AF97-5413D06BB8E1}.Debug|x86.Build.0 = Debug|Any CPU
		{9EB7D52A-AF3E-488F-AF97-5413D06BB8E1}.Release|Any CPU.ActiveCfg = Release|Any CPU
		{9EB7D52A-AF3E-488F-AF97-5413D06BB8E1}.Release|Any CPU.Build.0 = Release|Any CPU
		{9EB7D52A-AF3E-488F-AF97-5413D06BB8E1}.Release|ARM.ActiveCfg = Release|Any CPU
		{9EB7D52A-AF3E-488F-AF97-5413D06BB8E1}.Release|ARM.Build.0 = Release|Any CPU
		{9EB7D52A-AF3E-488F-AF97-5413D06BB8E1}.Release|iPhone.ActiveCfg = Release|Any CPU
		{9EB7D52A-AF3E-488F-AF97-5413D06BB8E1}.Release|iPhone.Build.0 = Release|Any CPU
		{9EB7D52A-AF3E-488F-AF97-5413D06BB8E1}.Release|iPhoneSimulator.ActiveCfg = Release|Any CPU
		{9EB7D52A-AF3E-488F-AF97-5413D06BB8E1}.Release|iPhoneSimulator.Build.0 = Release|Any CPU
		{9EB7D52A-AF3E-488F-AF97-5413D06BB8E1}.Release|x64.ActiveCfg = Release|Any CPU
		{9EB7D52A-AF3E-488F-AF97-5413D06BB8E1}.Release|x64.Build.0 = Release|Any CPU
		{9EB7D52A-AF3E-488F-AF97-5413D06BB8E1}.Release|x86.ActiveCfg = Release|Any CPU
		{9EB7D52A-AF3E-488F-AF97-5413D06BB8E1}.Release|x86.Build.0 = Release|Any CPU
	EndGlobalSection
	GlobalSection(SolutionProperties) = preSolution
		HideSolutionNode = FALSE
	EndGlobalSection
	GlobalSection(ExtensibilityGlobals) = postSolution
		SolutionGuid = {A5E8DBDC-F8AE-4EEE-9432-1BC0BA918DDC}
	EndGlobalSection
EndGlobal
